
Microsoft Visual Studio Solution File, Format Version 12.00
# Visual Studio Version 16
VisualStudioVersion = 16.0.30804.86
MinimumVisualStudioVersion = 10.0.40219.1
Project("{9A19103F-16F7-4668-BE54-9A1E7A4F7556}") = "Ejemplo01", "Ejemplo01\Ejemplo01.csproj", "{DC79660E-ABBF-4109-9832-8EAD43C69A2D}"
EndProject
Project("{FAE04EC0-301F-11D3-BF4B-00C04F79EFBC}") = "Ejemplo02", "Ejemplo02\Ejemplo02.csproj", "{4A96F876-B225-4DAA-A635-0B37775ABC13}"
EndProject
Project("{FAE04EC0-301F-11D3-BF4B-00C04F79EFBC}") = "Ejemplo03", "Ejemplo03\Ejemplo03.csproj", "{A4E68441-CA30-41EF-8926-CBD7EF383AA8}"
EndProject
Project("{FAE04EC0-301F-11D3-BF4B-00C04F79EFBC}") = "Ejemplo04", "Ejemplo04\Ejemplo04.csproj", "{263A63FA-8317-4801-BAF4-C14BE0E3D6AE}"
EndProject
Project("{FAE04EC0-301F-11D3-BF4B-00C04F79EFBC}") = "Ejemplo05", "Ejemplo05\Ejemplo05.csproj", "{ACF2615A-EEE3-4860-BD9E-7F5A6E6D941E}"
EndProject
Project("{FAE04EC0-301F-11D3-BF4B-00C04F79EFBC}") = "Ejemplo 06", "Ejemplo 06\Ejemplo 06.csproj", "{800D97D6-BA82-43E8-9068-84B20F68ECBD}"
EndProject
Project("{FAE04EC0-301F-11D3-BF4B-00C04F79EFBC}") = "EjemploIF01", "EjemploIF01\EjemploIF01.csproj", "{05894C8B-F454-4068-9B40-5625DDE2A18A}"
EndProject
Project("{FAE04EC0-301F-11D3-BF4B-00C04F79EFBC}") = "EjemploIF02", "EjemploIF02\EjemploIF02.csproj", "{E5BEDA4B-10C5-4A39-AA97-CB3EF89BE006}"
EndProject
Project("{FAE04EC0-301F-11D3-BF4B-00C04F79EFBC}") = "EjemploIF03", "EjemploIF03\EjemploIF03.csproj", "{0A75623E-74CC-434E-A49A-A59247763723}"
EndProject
Project("{FAE04EC0-301F-11D3-BF4B-00C04F79EFBC}") = "EjemploIF04", "EjemploIF04\EjemploIF04.csproj", "{F41646DD-3D34-424A-8D2D-FB1EEC5977C4}"
EndProject
Project("{FAE04EC0-301F-11D3-BF4B-00C04F79EFBC}") = "EjemploElse01", "EjemploElse01\EjemploElse01.csproj", "{3AF1244E-187B-4E9A-9A0C-94FCFEFB5925}"
EndProject
Project("{FAE04EC0-301F-11D3-BF4B-00C04F79EFBC}") = "EjemploElse02", "EjemploElse02\EjemploElse02.csproj", "{0C0AE64A-4A5F-4EC4-A8A4-F6857C9C6B95}"
EndProject
Project("{FAE04EC0-301F-11D3-BF4B-00C04F79EFBC}") = "EjemploElse03", "EjemploElse03\EjemploElse03.csproj", "{018835E9-0BD6-42B0-AD70-474B7C380EC5}"
EndProject
Project("{FAE04EC0-301F-11D3-BF4B-00C04F79EFBC}") = "EjemploIfElseIf01", "EjemploIfElseIf01\EjemploIfElseIf01.csproj", "{78B88FEB-8986-4208-902F-685058B5CF43}"
EndProject
Project("{FAE04EC0-301F-11D3-BF4B-00C04F79EFBC}") = "EjemploIfElseIf02", "EjemploIfElseIf02\EjemploIfElseIf02.csproj", "{230B81F2-82C1-4E0C-A3A7-3EF6D0ED0848}"
EndProject
Project("{FAE04EC0-301F-11D3-BF4B-00C04F79EFBC}") = "EjemploSwitch01", "EjemploSwitch01\EjemploSwitch01.csproj", "{9095338F-795A-400F-9545-EEE8C829AC24}"
EndProject
Project("{FAE04EC0-301F-11D3-BF4B-00C04F79EFBC}") = "EjemploSwitch02", "EjemploSwitch02\EjemploSwitch02.csproj", "{FB6E24BF-6B4C-48B0-9839-C33782546098}"
EndProject
Project("{FAE04EC0-301F-11D3-BF4B-00C04F79EFBC}") = "EjemploSwitch03", "EjemploSwitch03\EjemploSwitch03.csproj", "{94E4F617-4E1A-44C8-AC34-429654439BC8}"
EndProject
Project("{FAE04EC0-301F-11D3-BF4B-00C04F79EFBC}") = "EjemploVoid01", "EjemploVoid01\EjemploVoid01.csproj", "{5EC2A9CB-6826-461B-B77F-A24D1FCC2B2F}"
EndProject
Project("{FAE04EC0-301F-11D3-BF4B-00C04F79EFBC}") = "EjemploVoid02", "EjemploVoid02\EjemploVoid02.csproj", "{C5286D69-FD61-4BC3-8357-19F605F4D888}"
EndProject
Project("{FAE04EC0-301F-11D3-BF4B-00C04F79EFBC}") = "EjemploConRetorno01", "EjemploConRetorno01\EjemploConRetorno01.csproj", "{F86BB526-9F31-4679-962B-420B7D88277D}"
EndProject
Project("{FAE04EC0-301F-11D3-BF4B-00C04F79EFBC}") = "EjemploConRetorno02", "EjemploConRetorno02\EjemploConRetorno02.csproj", "{5948F286-1FC8-41AD-B316-C13337CB85E7}"
EndProject
Project("{FAE04EC0-301F-11D3-BF4B-00C04F79EFBC}") = "EjemploContadoresAcumuladores", "EjemploContadoresAcumuladores\EjemploContadoresAcumuladores.csproj", "{5DEF6377-D416-4B42-921D-C4CAF67E893B}"
EndProject
Project("{FAE04EC0-301F-11D3-BF4B-00C04F79EFBC}") = "EjemploContadoresAcumuladores02", "EjemploContadoresAcumuladores02\EjemploContadoresAcumuladores02.csproj", "{554F04A9-14D6-4590-8828-6FC49D26F497}"
EndProject
Project("{FAE04EC0-301F-11D3-BF4B-00C04F79EFBC}") = "EjemploContadoresAcumuladores03", "EjemploContadoresAcumuladores03\EjemploContadoresAcumuladores03.csproj", "{C89176FF-70B1-4B26-8B9D-9D6A8631D65B}"
EndProject
Project("{FAE04EC0-301F-11D3-BF4B-00C04F79EFBC}") = "EjemploWhile01", "EjemploWhile01\EjemploWhile01.csproj", "{9A027BE2-C95B-4B11-B183-7FFA01C449D8}"
EndProject
Project("{FAE04EC0-301F-11D3-BF4B-00C04F79EFBC}") = "EjemploWhile02", "EjemploWhile02\EjemploWhile02.csproj", "{3B92F1DD-6C28-4993-9F91-77527F7238A5}"
EndProject
Project("{FAE04EC0-301F-11D3-BF4B-00C04F79EFBC}") = "EjemploFor01", "EjemploFor01\EjemploFor01.csproj", "{04675AAE-F828-4709-A148-42F40EC27407}"
EndProject
Project("{FAE04EC0-301F-11D3-BF4B-00C04F79EFBC}") = "EjemploFor02", "EjemploFor02\EjemploFor02.csproj", "{E1AF0D2E-1643-413E-AC6B-72DD03E17873}"
EndProject
Project("{FAE04EC0-301F-11D3-BF4B-00C04F79EFBC}") = "EjemploFor03", "EjemploFor03\EjemploFor03.csproj", "{FBA41233-6965-4EA0-93E2-7C15715B42E7}"
EndProject
Global
	GlobalSection(SolutionConfigurationPlatforms) = preSolution
		Debug|Any CPU = Debug|Any CPU
		Release|Any CPU = Release|Any CPU
	EndGlobalSection
	GlobalSection(ProjectConfigurationPlatforms) = postSolution
		{DC79660E-ABBF-4109-9832-8EAD43C69A2D}.Debug|Any CPU.ActiveCfg = Debug|Any CPU
		{DC79660E-ABBF-4109-9832-8EAD43C69A2D}.Debug|Any CPU.Build.0 = Debug|Any CPU
		{DC79660E-ABBF-4109-9832-8EAD43C69A2D}.Release|Any CPU.ActiveCfg = Release|Any CPU
		{DC79660E-ABBF-4109-9832-8EAD43C69A2D}.Release|Any CPU.Build.0 = Release|Any CPU
		{4A96F876-B225-4DAA-A635-0B37775ABC13}.Debug|Any CPU.ActiveCfg = Debug|Any CPU
		{4A96F876-B225-4DAA-A635-0B37775ABC13}.Debug|Any CPU.Build.0 = Debug|Any CPU
		{4A96F876-B225-4DAA-A635-0B37775ABC13}.Release|Any CPU.ActiveCfg = Release|Any CPU
		{4A96F876-B225-4DAA-A635-0B37775ABC13}.Release|Any CPU.Build.0 = Release|Any CPU
		{A4E68441-CA30-41EF-8926-CBD7EF383AA8}.Debug|Any CPU.ActiveCfg = Debug|Any CPU
		{A4E68441-CA30-41EF-8926-CBD7EF383AA8}.Debug|Any CPU.Build.0 = Debug|Any CPU
		{A4E68441-CA30-41EF-8926-CBD7EF383AA8}.Release|Any CPU.ActiveCfg = Release|Any CPU
		{A4E68441-CA30-41EF-8926-CBD7EF383AA8}.Release|Any CPU.Build.0 = Release|Any CPU
		{263A63FA-8317-4801-BAF4-C14BE0E3D6AE}.Debug|Any CPU.ActiveCfg = Debug|Any CPU
		{263A63FA-8317-4801-BAF4-C14BE0E3D6AE}.Debug|Any CPU.Build.0 = Debug|Any CPU
		{263A63FA-8317-4801-BAF4-C14BE0E3D6AE}.Release|Any CPU.ActiveCfg = Release|Any CPU
		{263A63FA-8317-4801-BAF4-C14BE0E3D6AE}.Release|Any CPU.Build.0 = Release|Any CPU
		{ACF2615A-EEE3-4860-BD9E-7F5A6E6D941E}.Debug|Any CPU.ActiveCfg = Debug|Any CPU
		{ACF2615A-EEE3-4860-BD9E-7F5A6E6D941E}.Debug|Any CPU.Build.0 = Debug|Any CPU
		{ACF2615A-EEE3-4860-BD9E-7F5A6E6D941E}.Release|Any CPU.ActiveCfg = Release|Any CPU
		{ACF2615A-EEE3-4860-BD9E-7F5A6E6D941E}.Release|Any CPU.Build.0 = Release|Any CPU
		{800D97D6-BA82-43E8-9068-84B20F68ECBD}.Debug|Any CPU.ActiveCfg = Debug|Any CPU
		{800D97D6-BA82-43E8-9068-84B20F68ECBD}.Debug|Any CPU.Build.0 = Debug|Any CPU
		{800D97D6-BA82-43E8-9068-84B20F68ECBD}.Release|Any CPU.ActiveCfg = Release|Any CPU
		{800D97D6-BA82-43E8-9068-84B20F68ECBD}.Release|Any CPU.Build.0 = Release|Any CPU
		{05894C8B-F454-4068-9B40-5625DDE2A18A}.Debug|Any CPU.ActiveCfg = Debug|Any CPU
		{05894C8B-F454-4068-9B40-5625DDE2A18A}.Debug|Any CPU.Build.0 = Debug|Any CPU
		{05894C8B-F454-4068-9B40-5625DDE2A18A}.Release|Any CPU.ActiveCfg = Release|Any CPU
		{05894C8B-F454-4068-9B40-5625DDE2A18A}.Release|Any CPU.Build.0 = Release|Any CPU
		{E5BEDA4B-10C5-4A39-AA97-CB3EF89BE006}.Debug|Any CPU.ActiveCfg = Debug|Any CPU
		{E5BEDA4B-10C5-4A39-AA97-CB3EF89BE006}.Debug|Any CPU.Build.0 = Debug|Any CPU
		{E5BEDA4B-10C5-4A39-AA97-CB3EF89BE006}.Release|Any CPU.ActiveCfg = Release|Any CPU
		{E5BEDA4B-10C5-4A39-AA97-CB3EF89BE006}.Release|Any CPU.Build.0 = Release|Any CPU
		{0A75623E-74CC-434E-A49A-A59247763723}.Debug|Any CPU.ActiveCfg = Debug|Any CPU
		{0A75623E-74CC-434E-A49A-A59247763723}.Debug|Any CPU.Build.0 = Debug|Any CPU
		{0A75623E-74CC-434E-A49A-A59247763723}.Release|Any CPU.ActiveCfg = Release|Any CPU
		{0A75623E-74CC-434E-A49A-A59247763723}.Release|Any CPU.Build.0 = Release|Any CPU
		{F41646DD-3D34-424A-8D2D-FB1EEC5977C4}.Debug|Any CPU.ActiveCfg = Debug|Any CPU
		{F41646DD-3D34-424A-8D2D-FB1EEC5977C4}.Debug|Any CPU.Build.0 = Debug|Any CPU
		{F41646DD-3D34-424A-8D2D-FB1EEC5977C4}.Release|Any CPU.ActiveCfg = Release|Any CPU
		{F41646DD-3D34-424A-8D2D-FB1EEC5977C4}.Release|Any CPU.Build.0 = Release|Any CPU
		{3AF1244E-187B-4E9A-9A0C-94FCFEFB5925}.Debug|Any CPU.ActiveCfg = Debug|Any CPU
		{3AF1244E-187B-4E9A-9A0C-94FCFEFB5925}.Debug|Any CPU.Build.0 = Debug|Any CPU
		{3AF1244E-187B-4E9A-9A0C-94FCFEFB5925}.Release|Any CPU.ActiveCfg = Release|Any CPU
		{3AF1244E-187B-4E9A-9A0C-94FCFEFB5925}.Release|Any CPU.Build.0 = Release|Any CPU
		{0C0AE64A-4A5F-4EC4-A8A4-F6857C9C6B95}.Debug|Any CPU.ActiveCfg = Debug|Any CPU
		{0C0AE64A-4A5F-4EC4-A8A4-F6857C9C6B95}.Debug|Any CPU.Build.0 = Debug|Any CPU
		{0C0AE64A-4A5F-4EC4-A8A4-F6857C9C6B95}.Release|Any CPU.ActiveCfg = Release|Any CPU
		{0C0AE64A-4A5F-4EC4-A8A4-F6857C9C6B95}.Release|Any CPU.Build.0 = Release|Any CPU
		{018835E9-0BD6-42B0-AD70-474B7C380EC5}.Debug|Any CPU.ActiveCfg = Debug|Any CPU
		{018835E9-0BD6-42B0-AD70-474B7C380EC5}.Debug|Any CPU.Build.0 = Debug|Any CPU
		{018835E9-0BD6-42B0-AD70-474B7C380EC5}.Release|Any CPU.ActiveCfg = Release|Any CPU
		{018835E9-0BD6-42B0-AD70-474B7C380EC5}.Release|Any CPU.Build.0 = Release|Any CPU
		{78B88FEB-8986-4208-902F-685058B5CF43}.Debug|Any CPU.ActiveCfg = Debug|Any CPU
		{78B88FEB-8986-4208-902F-685058B5CF43}.Debug|Any CPU.Build.0 = Debug|Any CPU
		{78B88FEB-8986-4208-902F-685058B5CF43}.Release|Any CPU.ActiveCfg = Release|Any CPU
		{78B88FEB-8986-4208-902F-685058B5CF43}.Release|Any CPU.Build.0 = Release|Any CPU
		{230B81F2-82C1-4E0C-A3A7-3EF6D0ED0848}.Debug|Any CPU.ActiveCfg = Debug|Any CPU
		{230B81F2-82C1-4E0C-A3A7-3EF6D0ED0848}.Debug|Any CPU.Build.0 = Debug|Any CPU
		{230B81F2-82C1-4E0C-A3A7-3EF6D0ED0848}.Release|Any CPU.ActiveCfg = Release|Any CPU
		{230B81F2-82C1-4E0C-A3A7-3EF6D0ED0848}.Release|Any CPU.Build.0 = Release|Any CPU
		{9095338F-795A-400F-9545-EEE8C829AC24}.Debug|Any CPU.ActiveCfg = Debug|Any CPU
		{9095338F-795A-400F-9545-EEE8C829AC24}.Debug|Any CPU.Build.0 = Debug|Any CPU
		{9095338F-795A-400F-9545-EEE8C829AC24}.Release|Any CPU.ActiveCfg = Release|Any CPU
		{9095338F-795A-400F-9545-EEE8C829AC24}.Release|Any CPU.Build.0 = Release|Any CPU
		{FB6E24BF-6B4C-48B0-9839-C33782546098}.Debug|Any CPU.ActiveCfg = Debug|Any CPU
		{FB6E24BF-6B4C-48B0-9839-C33782546098}.Debug|Any CPU.Build.0 = Debug|Any CPU
		{FB6E24BF-6B4C-48B0-9839-C33782546098}.Release|Any CPU.ActiveCfg = Release|Any CPU
		{FB6E24BF-6B4C-48B0-9839-C33782546098}.Release|Any CPU.Build.0 = Release|Any CPU
		{94E4F617-4E1A-44C8-AC34-429654439BC8}.Debug|Any CPU.ActiveCfg = Debug|Any CPU
		{94E4F617-4E1A-44C8-AC34-429654439BC8}.Debug|Any CPU.Build.0 = Debug|Any CPU
		{94E4F617-4E1A-44C8-AC34-429654439BC8}.Release|Any CPU.ActiveCfg = Release|Any CPU
		{94E4F617-4E1A-44C8-AC34-429654439BC8}.Release|Any CPU.Build.0 = Release|Any CPU
		{5EC2A9CB-6826-461B-B77F-A24D1FCC2B2F}.Debug|Any CPU.ActiveCfg = Debug|Any CPU
		{5EC2A9CB-6826-461B-B77F-A24D1FCC2B2F}.Debug|Any CPU.Build.0 = Debug|Any CPU
		{5EC2A9CB-6826-461B-B77F-A24D1FCC2B2F}.Release|Any CPU.ActiveCfg = Release|Any CPU
		{5EC2A9CB-6826-461B-B77F-A24D1FCC2B2F}.Release|Any CPU.Build.0 = Release|Any CPU
		{C5286D69-FD61-4BC3-8357-19F605F4D888}.Debug|Any CPU.ActiveCfg = Debug|Any CPU
		{C5286D69-FD61-4BC3-8357-19F605F4D888}.Debug|Any CPU.Build.0 = Debug|Any CPU
		{C5286D69-FD61-4BC3-8357-19F605F4D888}.Release|Any CPU.ActiveCfg = Release|Any CPU
		{C5286D69-FD61-4BC3-8357-19F605F4D888}.Release|Any CPU.Build.0 = Release|Any CPU
		{F86BB526-9F31-4679-962B-420B7D88277D}.Debug|Any CPU.ActiveCfg = Debug|Any CPU
		{F86BB526-9F31-4679-962B-420B7D88277D}.Debug|Any CPU.Build.0 = Debug|Any CPU
		{F86BB526-9F31-4679-962B-420B7D88277D}.Release|Any CPU.ActiveCfg = Release|Any CPU
		{F86BB526-9F31-4679-962B-420B7D88277D}.Release|Any CPU.Build.0 = Release|Any CPU
		{5948F286-1FC8-41AD-B316-C13337CB85E7}.Debug|Any CPU.ActiveCfg = Debug|Any CPU
		{5948F286-1FC8-41AD-B316-C13337CB85E7}.Debug|Any CPU.Build.0 = Debug|Any CPU
		{5948F286-1FC8-41AD-B316-C13337CB85E7}.Release|Any CPU.ActiveCfg = Release|Any CPU
		{5948F286-1FC8-41AD-B316-C13337CB85E7}.Release|Any CPU.Build.0 = Release|Any CPU
		{5DEF6377-D416-4B42-921D-C4CAF67E893B}.Debug|Any CPU.ActiveCfg = Debug|Any CPU
		{5DEF6377-D416-4B42-921D-C4CAF67E893B}.Debug|Any CPU.Build.0 = Debug|Any CPU
		{5DEF6377-D416-4B42-921D-C4CAF67E893B}.Release|Any CPU.ActiveCfg = Release|Any CPU
		{5DEF6377-D416-4B42-921D-C4CAF67E893B}.Release|Any CPU.Build.0 = Release|Any CPU
		{554F04A9-14D6-4590-8828-6FC49D26F497}.Debug|Any CPU.ActiveCfg = Debug|Any CPU
		{554F04A9-14D6-4590-8828-6FC49D26F497}.Debug|Any CPU.Build.0 = Debug|Any CPU
		{554F04A9-14D6-4590-8828-6FC49D26F497}.Release|Any CPU.ActiveCfg = Release|Any CPU
		{554F04A9-14D6-4590-8828-6FC49D26F497}.Release|Any CPU.Build.0 = Release|Any CPU
		{C89176FF-70B1-4B26-8B9D-9D6A8631D65B}.Debug|Any CPU.ActiveCfg = Debug|Any CPU
		{C89176FF-70B1-4B26-8B9D-9D6A8631D65B}.Debug|Any CPU.Build.0 = Debug|Any CPU
		{C89176FF-70B1-4B26-8B9D-9D6A8631D65B}.Release|Any CPU.ActiveCfg = Release|Any CPU
		{C89176FF-70B1-4B26-8B9D-9D6A8631D65B}.Release|Any CPU.Build.0 = Release|Any CPU
		{9A027BE2-C95B-4B11-B183-7FFA01C449D8}.Debug|Any CPU.ActiveCfg = Debug|Any CPU
		{9A027BE2-C95B-4B11-B183-7FFA01C449D8}.Debug|Any CPU.Build.0 = Debug|Any CPU
		{9A027BE2-C95B-4B11-B183-7FFA01C449D8}.Release|Any CPU.ActiveCfg = Release|Any CPU
		{9A027BE2-C95B-4B11-B183-7FFA01C449D8}.Release|Any CPU.Build.0 = Release|Any CPU
		{3B92F1DD-6C28-4993-9F91-77527F7238A5}.Debug|Any CPU.ActiveCfg = Debug|Any CPU
		{3B92F1DD-6C28-4993-9F91-77527F7238A5}.Debug|Any CPU.Build.0 = Debug|Any CPU
		{3B92F1DD-6C28-4993-9F91-77527F7238A5}.Release|Any CPU.ActiveCfg = Release|Any CPU
		{3B92F1DD-6C28-4993-9F91-77527F7238A5}.Release|Any CPU.Build.0 = Release|Any CPU
		{04675AAE-F828-4709-A148-42F40EC27407}.Debug|Any CPU.ActiveCfg = Debug|Any CPU
		{04675AAE-F828-4709-A148-42F40EC27407}.Debug|Any CPU.Build.0 = Debug|Any CPU
		{04675AAE-F828-4709-A148-42F40EC27407}.Release|Any CPU.ActiveCfg = Release|Any CPU
		{04675AAE-F828-4709-A148-42F40EC27407}.Release|Any CPU.Build.0 = Release|Any CPU
		{E1AF0D2E-1643-413E-AC6B-72DD03E17873}.Debug|Any CPU.ActiveCfg = Debug|Any CPU
		{E1AF0D2E-1643-413E-AC6B-72DD03E17873}.Debug|Any CPU.Build.0 = Debug|Any CPU
		{E1AF0D2E-1643-413E-AC6B-72DD03E17873}.Release|Any CPU.ActiveCfg = Release|Any CPU
		{E1AF0D2E-1643-413E-AC6B-72DD03E17873}.Release|Any CPU.Build.0 = Release|Any CPU
		{FBA41233-6965-4EA0-93E2-7C15715B42E7}.Debug|Any CPU.ActiveCfg = Debug|Any CPU
		{FBA41233-6965-4EA0-93E2-7C15715B42E7}.Debug|Any CPU.Build.0 = Debug|Any CPU
		{FBA41233-6965-4EA0-93E2-7C15715B42E7}.Release|Any CPU.ActiveCfg = Release|Any CPU
		{FBA41233-6965-4EA0-93E2-7C15715B42E7}.Release|Any CPU.Build.0 = Release|Any CPU
	EndGlobalSection
	GlobalSection(SolutionProperties) = preSolution
		HideSolutionNode = FALSE
	EndGlobalSection
	GlobalSection(ExtensibilityGlobals) = postSolution
		SolutionGuid = {C68799D9-DFD9-45E9-8F56-2C0D96B171CB}
	EndGlobalSection
EndGlobal
